// !$*UTF8*$!
{
	archiveVersion = 1;
	classes = {
	};
	objectVersion = 46;
	objects = {

/* Begin PBXBuildFile section */
		84369E9E1CD03D2500C34812 /* Adhan.framework in Frameworks */ = {isa = PBXBuildFile; fileRef = 84369E9D1CD03D2500C34812 /* Adhan.framework */; };
		84AB2EB71CD03C6A00BF9663 /* AppDelegate.swift in Sources */ = {isa = PBXBuildFile; fileRef = 84AB2EB61CD03C6A00BF9663 /* AppDelegate.swift */; };
		84AB2EB91CD03C6A00BF9663 /* ViewController.swift in Sources */ = {isa = PBXBuildFile; fileRef = 84AB2EB81CD03C6A00BF9663 /* ViewController.swift */; };
		84AB2EBC1CD03C6A00BF9663 /* Main.storyboard in Resources */ = {isa = PBXBuildFile; fileRef = 84AB2EBA1CD03C6A00BF9663 /* Main.storyboard */; };
		84AB2EBE1CD03C6A00BF9663 /* Assets.xcassets in Resources */ = {isa = PBXBuildFile; fileRef = 84AB2EBD1CD03C6A00BF9663 /* Assets.xcassets */; };
		84AB2EC11CD03C6A00BF9663 /* LaunchScreen.storyboard in Resources */ = {isa = PBXBuildFile; fileRef = 84AB2EBF1CD03C6A00BF9663 /* LaunchScreen.storyboard */; };
/* End PBXBuildFile section */

/* Begin PBXFileReference section */
		84369E9D1CD03D2500C34812 /* Adhan.framework */ = {isa = PBXFileReference; lastKnownFileType = wrapper.framework; name = Adhan.framework; path = "../../build/Debug-iphoneos/Adhan.framework"; sourceTree = "<group>"; };
		84AB2EB31CD03C6A00BF9663 /* Swift Example.app */ = {isa = PBXFileReference; explicitFileType = wrapper.application; includeInIndex = 0; path = "Swift Example.app"; sourceTree = BUILT_PRODUCTS_DIR; };
		84AB2EB61CD03C6A00BF9663 /* AppDelegate.swift */ = {isa = PBXFileReference; lastKnownFileType = sourcecode.swift; path = AppDelegate.swift; sourceTree = "<group>"; };
		84AB2EB81CD03C6A00BF9663 /* ViewController.swift */ = {isa = PBXFileReference; lastKnownFileType = sourcecode.swift; path = ViewController.swift; sourceTree = "<group>"; };
		84AB2EBB1CD03C6A00BF9663 /* Base */ = {isa = PBXFileReference; lastKnownFileType = file.storyboard; name = Base; path = Base.lproj/Main.storyboard; sourceTree = "<group>"; };
		84AB2EBD1CD03C6A00BF9663 /* Assets.xcassets */ = {isa = PBXFileReference; lastKnownFileType = folder.assetcatalog; path = Assets.xcassets; sourceTree = "<group>"; };
		84AB2EC01CD03C6A00BF9663 /* Base */ = {isa = PBXFileReference; lastKnownFileType = file.storyboard; name = Base; path = Base.lproj/LaunchScreen.storyboard; sourceTree = "<group>"; };
		84AB2EC21CD03C6A00BF9663 /* Info.plist */ = {isa = PBXFileReference; lastKnownFileType = text.plist.xml; path = Info.plist; sourceTree = "<group>"; };
/* End PBXFileReference section */

/* Begin PBXFrameworksBuildPhase section */
		84AB2EB01CD03C6A00BF9663 /* Frameworks */ = {
			isa = PBXFrameworksBuildPhase;
			buildActionMask = 2147483647;
			files = (
				84369E9E1CD03D2500C34812 /* Adhan.framework in Frameworks */,
			);
			runOnlyForDeploymentPostprocessing = 0;
		};
/* End PBXFrameworksBuildPhase section */

/* Begin PBXGroup section */
		84AB2EAA1CD03C6A00BF9663 = {
			isa = PBXGroup;
			children = (
				84369E9D1CD03D2500C34812 /* Adhan.framework */,
				84AB2EB51CD03C6A00BF9663 /* Swift Example */,
				84AB2EB41CD03C6A00BF9663 /* Products */,
			);
			sourceTree = "<group>";
		};
		84AB2EB41CD03C6A00BF9663 /* Products */ = {
			isa = PBXGroup;
			children = (
				84AB2EB31CD03C6A00BF9663 /* Swift Example.app */,
			);
			name = Products;
			sourceTree = "<group>";
		};
		84AB2EB51CD03C6A00BF9663 /* Swift Example */ = {
			isa = PBXGroup;
			children = (
				84AB2EB61CD03C6A00BF9663 /* AppDelegate.swift */,
				84AB2EB81CD03C6A00BF9663 /* ViewController.swift */,
				84AB2EBA1CD03C6A00BF9663 /* Main.storyboard */,
				84AB2EBD1CD03C6A00BF9663 /* Assets.xcassets */,
				84AB2EBF1CD03C6A00BF9663 /* LaunchScreen.storyboard */,
				84AB2EC21CD03C6A00BF9663 /* Info.plist */,
			);
			path = "Swift Example";
			sourceTree = "<group>";
		};
/* End PBXGroup section */

/* Begin PBXNativeTarget section */
		84AB2EB21CD03C6A00BF9663 /* Swift Example */ = {
			isa = PBXNativeTarget;
			buildConfigurationList = 84AB2EC51CD03C6A00BF9663 /* Build configuration list for PBXNativeTarget "Swift Example" */;
			buildPhases = (
				84AB2EAF1CD03C6A00BF9663 /* Sources */,
				84AB2EB01CD03C6A00BF9663 /* Frameworks */,
				84AB2EB11CD03C6A00BF9663 /* Resources */,
			);
			buildRules = (
			);
			dependencies = (
			);
			name = "Swift Example";
			productName = "Swift Example";
			productReference = 84AB2EB31CD03C6A00BF9663 /* Swift Example.app */;
			productType = "com.apple.product-type.application";
		};
/* End PBXNativeTarget section */

/* Begin PBXProject section */
		84AB2EAB1CD03C6A00BF9663 /* Project object */ = {
			isa = PBXProject;
			attributes = {
				LastSwiftUpdateCheck = 0730;
				LastUpgradeCheck = 0730;
				ORGANIZATIONNAME = "Batoul Apps";
				TargetAttributes = {
					84AB2EB21CD03C6A00BF9663 = {
						CreatedOnToolsVersion = 7.3;
						LastSwiftMigration = 0800;
					};
				};
			};
			buildConfigurationList = 84AB2EAE1CD03C6A00BF9663 /* Build configuration list for PBXProject "Swift Example" */;
			compatibilityVersion = "Xcode 3.2";
			developmentRegion = English;
			hasScannedForEncodings = 0;
			knownRegions = (
				en,
				Base,
			);
			mainGroup = 84AB2EAA1CD03C6A00BF9663;
			productRefGroup = 84AB2EB41CD03C6A00BF9663 /* Products */;
			projectDirPath = "";
			projectRoot = "";
			targets = (
				84AB2EB21CD03C6A00BF9663 /* Swift Example */,
			);
		};
/* End PBXProject section */

/* Begin PBXResourcesBuildPhase section */
		84AB2EB11CD03C6A00BF9663 /* Resources */ = {
			isa = PBXResourcesBuildPhase;
			buildActionMask = 2147483647;
			files = (
				84AB2EC11CD03C6A00BF9663 /* LaunchScreen.storyboard in Resources */,
				84AB2EBE1CD03C6A00BF9663 /* Assets.xcassets in Resources */,
				84AB2EBC1CD03C6A00BF9663 /* Main.storyboard in Resources */,
			);
			runOnlyForDeploymentPostprocessing = 0;
		};
/* End PBXResourcesBuildPhase section */

/* Begin PBXSourcesBuildPhase section */
		84AB2EAF1CD03C6A00BF9663 /* Sources */ = {
			isa = PBXSourcesBuildPhase;
			buildActionMask = 2147483647;
			files = (
				84AB2EB91CD03C6A00BF9663 /* ViewController.swift in Sources */,
				84AB2EB71CD03C6A00BF9663 /* AppDelegate.swift in Sources */,
			);
			runOnlyForDeploymentPostprocessing = 0;
		};
/* End PBXSourcesBuildPhase section */

/* Begin PBXVariantGroup section */
		84AB2EBA1CD03C6A00BF9663 /* Main.storyboard */ = {
			isa = PBXVariantGroup;
			children = (
				84AB2EBB1CD03C6A00BF9663 /* Base */,
			);
			name = Main.storyboard;
			sourceTree = "<group>";
		};
		84AB2EBF1CD03C6A00BF9663 /* LaunchScreen.storyboard */ = {
			isa = PBXVariantGroup;
			children = (
				84AB2EC01CD03C6A00BF9663 /* Base */,
			);
			name = LaunchScreen.storyboard;
			sourceTree = "<group>";
		};
/* End PBXVariantGroup section */

/* Begin XCBuildConfiguration section */
		84AB2EC31CD03C6A00BF9663 /* Debug */ = {
			isa = XCBuildConfiguration;
			buildSettings = {
				ALWAYS_SEARCH_USER_PATHS = NO;
				CLANG_ANALYZER_NONNULL = YES;
				CLANG_CXX_LANGUAGE_STANDARD = "gnu++0x";
				CLANG_CXX_LIBRARY = "libc++";
				CLANG_ENABLE_MODULES = YES;
				CLANG_ENABLE_OBJC_ARC = YES;
				CLANG_WARN_BOOL_CONVERSION = YES;
				CLANG_WARN_CONSTANT_CONVERSION = YES;
				CLANG_WARN_DIRECT_OBJC_ISA_USAGE = YES_ERROR;
				CLANG_WARN_EMPTY_BODY = YES;
				CLANG_WARN_ENUM_CONVERSION = YES;
				CLANG_WARN_INT_CONVERSION = YES;
				CLANG_WARN_OBJC_ROOT_CLASS = YES_ERROR;
				CLANG_WARN_UNREACHABLE_CODE = YES;
				CLANG_WARN__DUPLICATE_METHOD_MATCH = YES;
				"CODE_SIGN_IDENTITY[sdk=iphoneos*]" = "iPhone Developer";
				COPY_PHASE_STRIP = NO;
				DEBUG_INFORMATION_FORMAT = dwarf;
				ENABLE_STRICT_OBJC_MSGSEND = YES;
				ENABLE_TESTABILITY = YES;
				GCC_C_LANGUAGE_STANDARD = gnu99;
				GCC_DYNAMIC_NO_PIC = NO;
				GCC_NO_COMMON_BLOCKS = YES;
				GCC_OPTIMIZATION_LEVEL = 0;
				GCC_PREPROCESSOR_DEFINITIONS = (
					"DEBUG=1",
					"$(inherited)",
				);
				GCC_WARN_64_TO_32_BIT_CONVERSION = YES;
				GCC_WARN_ABOUT_RETURN_TYPE = YES_ERROR;
				GCC_WARN_UNDECLARED_SELECTOR = YES;
				GCC_WARN_UNINITIALIZED_AUTOS = YES_AGGRESSIVE;
				GCC_WARN_UNUSED_FUNCTION = YES;
				GCC_WARN_UNUSED_VARIABLE = YES;
				IPHONEOS_DEPLOYMENT_TARGET = 9.3;
				MTL_ENABLE_DEBUG_INFO = YES;
				ONLY_ACTIVE_ARCH = YES;
				SDKROOT = iphoneos;
				SWIFT_OPTIMIZATION_LEVEL = "-Onone";
			};
			name = Debug;
		};
		84AB2EC41CD03C6A00BF9663 /* Release */ = {
			isa = XCBuildConfiguration;
			buildSettings = {
				ALWAYS_SEARCH_USER_PATHS = NO;
				CLANG_ANALYZER_NONNULL = YES;
				CLANG_CXX_LANGUAGE_STANDARD = "gnu++0x";
				CLANG_CXX_LIBRARY = "libc++";
				CLANG_ENABLE_MODULES = YES;
				CLANG_ENABLE_OBJC_ARC = YES;
				CLANG_WARN_BOOL_CONVERSION = YES;
				CLANG_WARN_CONSTANT_CONVERSION = YES;
				CLANG_WARN_DIRECT_OBJC_ISA_USAGE = YES_ERROR;
				CLANG_WARN_EMPTY_BODY = YES;
				CLANG_WARN_ENUM_CONVERSION = YES;
				CLANG_WARN_INT_CONVERSION = YES;
				CLANG_WARN_OBJC_ROOT_CLASS = YES_ERROR;
				CLANG_WARN_UNREACHABLE_CODE = YES;
				CLANG_WARN__DUPLICATE_METHOD_MATCH = YES;
				"CODE_SIGN_IDENTITY[sdk=iphoneos*]" = "iPhone Developer";
				COPY_PHASE_STRIP = NO;
				DEBUG_INFORMATION_FORMAT = "dwarf-with-dsym";
				ENABLE_NS_ASSERTIONS = NO;
				ENABLE_STRICT_OBJC_MSGSEND = YES;
				GCC_C_LANGUAGE_STANDARD = gnu99;
				GCC_NO_COMMON_BLOCKS = YES;
				GCC_WARN_64_TO_32_BIT_CONVERSION = YES;
				GCC_WARN_ABOUT_RETURN_TYPE = YES_ERROR;
				GCC_WARN_UNDECLARED_SELECTOR = YES;
				GCC_WARN_UNINITIALIZED_AUTOS = YES_AGGRESSIVE;
				GCC_WARN_UNUSED_FUNCTION = YES;
				GCC_WARN_UNUSED_VARIABLE = YES;
				IPHONEOS_DEPLOYMENT_TARGET = 9.3;
				MTL_ENABLE_DEBUG_INFO = NO;
				SDKROOT = iphoneos;
				VALIDATE_PRODUCT = YES;
			};
			name = Release;
		};
		84AB2EC61CD03C6A00BF9663 /* Debug */ = {
			isa = XCBuildConfiguration;
			buildSettings = {
				ASSETCATALOG_COMPILER_APPICON_NAME = AppIcon;
				INFOPLIST_FILE = "Swift Example/Info.plist";
				IPHONEOS_DEPLOYMENT_TARGET = 8.0;
				LD_RUNPATH_SEARCH_PATHS = "$(inherited) @executable_path/Frameworks";
				PRODUCT_BUNDLE_IDENTIFIER = "com.batoulapps.Swift-Example";
				PRODUCT_NAME = "$(TARGET_NAME)";
				SWIFT_VERSION = 3.0;
			};
			name = Debug;
		};
		84AB2EC71CD03C6A00BF9663 /* Release */ = {
			isa = XCBuildConfiguration;
			buildSettings = {
				ASSETCATALOG_COMPILER_APPICON_NAME = AppIcon;
				INFOPLIST_FILE = "Swift Example/Info.plist";
				IPHONEOS_DEPLOYMENT_TARGET = 8.0;
				LD_RUNPATH_SEARCH_PATHS = "$(inherited) @executable_path/Frameworks";
				PRODUCT_BUNDLE_IDENTIFIER = "com.batoulapps.Swift-Example";
				PRODUCT_NAME = "$(TARGET_NAME)";
				SWIFT_VERSION = 3.0;
			};
			name = Release;
		};
/* End XCBuildConfiguration section */

/* Begin XCConfigurationList section */
		84AB2EAE1CD03C6A00BF9663 /* Build configuration list for PBXProject "Swift Example" */ = {
			isa = XCConfigurationList;
			buildConfigurations = (
				84AB2EC31CD03C6A00BF9663 /* Debug */,
				84AB2EC41CD03C6A00BF9663 /* Release */,
			);
			defaultConfigurationIsVisible = 0;
			defaultConfigurationName = Release;
		};
		84AB2EC51CD03C6A00BF9663 /* Build configuration list for PBXNativeTarget "Swift Example" */ = {
			isa = XCConfigurationList;
			buildConfigurations = (
				84AB2EC61CD03C6A00BF9663 /* Debug */,
				84AB2EC71CD03C6A00BF9663 /* Release */,
			);
			defaultConfigurationIsVisible = 0;
			defaultConfigurationName = Release;
		};
/* End XCConfigurationList section */
	};
	rootObject = 84AB2EAB1CD03C6A00BF9663 /* Project object */;
}
